
Microsoft Visual Studio Solution File, Format Version 12.00
# Visual Studio Version 17
VisualStudioVersion = 17.8.34525.116
MinimumVisualStudioVersion = 10.0.40219.1
Project("{9A19103F-16F7-4668-BE54-9A1E7A4F7556}") = "Mantikor", "src\Mantikor.csproj", "{A0A9B190-F6F2-4716-8D51-42ABAE938BDB}"
EndProject
Global
	GlobalSection(SolutionConfigurationPlatforms) = preSolution
		Debug|Any CPU = Debug|Any CPU
		Release|Any CPU = Release|Any CPU
	EndGlobalSection
	GlobalSection(ProjectConfigurationPlatforms) = postSolution
		{A0A9B190-F6F2-4716-8D51-42ABAE938BDB}.Debug|Any CPU.ActiveCfg = Debug|Any CPU
		{A0A9B190-F6F2-4716-8D51-42ABAE938BDB}.Debug|Any CPU.Build.0 = Debug|Any CPU
		{A0A9B190-F6F2-4716-8D51-42ABAE938BDB}.Release|Any CPU.ActiveCfg = Release|Any CPU
		{A0A9B190-F6F2-4716-8D51-42ABAE938BDB}.Release|Any CPU.Build.0 = Release|Any CPU
	EndGlobalSection
	GlobalSection(SolutionProperties) = preSolution
		HideSolutionNode = FALSE
	EndGlobalSection
	GlobalSection(ExtensibilityGlobals) = postSolution
		SolutionGuid = {D3F43357-7CE7-446E-8603-8D46BD9BAA16}
	EndGlobalSection
EndGlobal
