
Microsoft Visual Studio Solution File, Format Version 12.00
# Visual Studio Version 16
VisualStudioVersion = 16.0.30804.86
MinimumVisualStudioVersion = 10.0.40219.1
Project("{FAE04EC0-301F-11D3-BF4B-00C04F79EFBC}") = "Mantikor", "src\Mantikor.csproj", "{108763A7-BF3C-4B84-B7CC-F1BB9EFF3F20}"
EndProject
Global
	GlobalSection(SolutionConfigurationPlatforms) = preSolution
		Debug|Any CPU = Debug|Any CPU
		Release|Any CPU = Release|Any CPU
	EndGlobalSection
	GlobalSection(ProjectConfigurationPlatforms) = postSolution
		{108763A7-BF3C-4B84-B7CC-F1BB9EFF3F20}.Debug|Any CPU.ActiveCfg = Debug|Any CPU
		{108763A7-BF3C-4B84-B7CC-F1BB9EFF3F20}.Debug|Any CPU.Build.0 = Debug|Any CPU
		{108763A7-BF3C-4B84-B7CC-F1BB9EFF3F20}.Release|Any CPU.ActiveCfg = Release|Any CPU
		{108763A7-BF3C-4B84-B7CC-F1BB9EFF3F20}.Release|Any CPU.Build.0 = Release|Any CPU
	EndGlobalSection
	GlobalSection(SolutionProperties) = preSolution
		HideSolutionNode = FALSE
	EndGlobalSection
	GlobalSection(ExtensibilityGlobals) = postSolution
		SolutionGuid = {D3F43357-7CE7-446E-8603-8D46BD9BAA16}
	EndGlobalSection
EndGlobal
